// !$*UTF8*$!
{
	archiveVersion = 1;
	classes = {
	};
	objectVersion = 55;
	objects = {

/* Begin PBXBuildFile section */
		175DD4F65D76EA40909BFAD7 /* Pods_Demo_AlertTests.framework in Frameworks */ = {isa = PBXBuildFile; fileRef = 061C814DF8B077E395C6E737 /* Pods_Demo_AlertTests.framework */; };
		1E0EB2B928A249B10068BF9B /* AppDelegate.swift in Sources */ = {isa = PBXBuildFile; fileRef = 1E0EB2B828A249B10068BF9B /* AppDelegate.swift */; };
		1E0EB2BB28A249B10068BF9B /* SceneDelegate.swift in Sources */ = {isa = PBXBuildFile; fileRef = 1E0EB2BA28A249B10068BF9B /* SceneDelegate.swift */; };
		1E0EB2BD28A249B10068BF9B /* ViewController.swift in Sources */ = {isa = PBXBuildFile; fileRef = 1E0EB2BC28A249B10068BF9B /* ViewController.swift */; };
		1E0EB2C028A249B10068BF9B /* Main.storyboard in Resources */ = {isa = PBXBuildFile; fileRef = 1E0EB2BE28A249B10068BF9B /* Main.storyboard */; };
		1E0EB2C228A249B40068BF9B /* Assets.xcassets in Resources */ = {isa = PBXBuildFile; fileRef = 1E0EB2C128A249B40068BF9B /* Assets.xcassets */; };
		1E0EB2C528A249B40068BF9B /* LaunchScreen.storyboard in Resources */ = {isa = PBXBuildFile; fileRef = 1E0EB2C328A249B40068BF9B /* LaunchScreen.storyboard */; };
		1E0EB2D028A249B40068BF9B /* Demo_AlertTests.swift in Sources */ = {isa = PBXBuildFile; fileRef = 1E0EB2CF28A249B40068BF9B /* Demo_AlertTests.swift */; };
		1E0EB2DA28A249B40068BF9B /* Demo_AlertUITests.swift in Sources */ = {isa = PBXBuildFile; fileRef = 1E0EB2D928A249B40068BF9B /* Demo_AlertUITests.swift */; };
		1E0EB2DC28A249B40068BF9B /* Demo_AlertUITestsLaunchTests.swift in Sources */ = {isa = PBXBuildFile; fileRef = 1E0EB2DB28A249B40068BF9B /* Demo_AlertUITestsLaunchTests.swift */; };
		1E0EB2E928A24A160068BF9B /* GGXBgView.swift in Sources */ = {isa = PBXBuildFile; fileRef = 1E0EB2E828A24A160068BF9B /* GGXBgView.swift */; };
		1E0EB2EB28A24A3B0068BF9B /* GGXAlertView.swift in Sources */ = {isa = PBXBuildFile; fileRef = 1E0EB2EA28A24A3B0068BF9B /* GGXAlertView.swift */; };
		1E0EB2ED28A24A6F0068BF9B /* GGXAlertModel.swift in Sources */ = {isa = PBXBuildFile; fileRef = 1E0EB2EC28A24A6F0068BF9B /* GGXAlertModel.swift */; };
		C3FF96F892C4339314B1B71C /* Pods_Demo_Alert_Demo_AlertUITests.framework in Frameworks */ = {isa = PBXBuildFile; fileRef = 84D6C50908938952348FED76 /* Pods_Demo_Alert_Demo_AlertUITests.framework */; };
		C48C336CE41E92172B7774DF /* Pods_Demo_Alert.framework in Frameworks */ = {isa = PBXBuildFile; fileRef = 6EE4AB7EAEDD39053AD53B43 /* Pods_Demo_Alert.framework */; };
/* End PBXBuildFile section */

/* Begin PBXContainerItemProxy section */
		1E0EB2CC28A249B40068BF9B /* PBXContainerItemProxy */ = {
			isa = PBXContainerItemProxy;
			containerPortal = 1E0EB2AD28A249B10068BF9B /* Project object */;
			proxyType = 1;
			remoteGlobalIDString = 1E0EB2B428A249B10068BF9B;
			remoteInfo = Demo_Alert;
		};
		1E0EB2D628A249B40068BF9B /* PBXContainerItemProxy */ = {
			isa = PBXContainerItemProxy;
			containerPortal = 1E0EB2AD28A249B10068BF9B /* Project object */;
			proxyType = 1;
			remoteGlobalIDString = 1E0EB2B428A249B10068BF9B;
			remoteInfo = Demo_Alert;
		};
/* End PBXContainerItemProxy section */

/* Begin PBXFileReference section */
		061C814DF8B077E395C6E737 /* Pods_Demo_AlertTests.framework */ = {isa = PBXFileReference; explicitFileType = wrapper.framework; includeInIndex = 0; path = Pods_Demo_AlertTests.framework; sourceTree = BUILT_PRODUCTS_DIR; };
		1E0EB2B528A249B10068BF9B /* Demo_Alert.app */ = {isa = PBXFileReference; explicitFileType = wrapper.application; includeInIndex = 0; path = Demo_Alert.app; sourceTree = BUILT_PRODUCTS_DIR; };
		1E0EB2B828A249B10068BF9B /* AppDelegate.swift */ = {isa = PBXFileReference; lastKnownFileType = sourcecode.swift; path = AppDelegate.swift; sourceTree = "<group>"; };
		1E0EB2BA28A249B10068BF9B /* SceneDelegate.swift */ = {isa = PBXFileReference; lastKnownFileType = sourcecode.swift; path = SceneDelegate.swift; sourceTree = "<group>"; };
		1E0EB2BC28A249B10068BF9B /* ViewController.swift */ = {isa = PBXFileReference; lastKnownFileType = sourcecode.swift; path = ViewController.swift; sourceTree = "<group>"; };
		1E0EB2BF28A249B10068BF9B /* Base */ = {isa = PBXFileReference; lastKnownFileType = file.storyboard; name = Base; path = Base.lproj/Main.storyboard; sourceTree = "<group>"; };
		1E0EB2C128A249B40068BF9B /* Assets.xcassets */ = {isa = PBXFileReference; lastKnownFileType = folder.assetcatalog; path = Assets.xcassets; sourceTree = "<group>"; };
		1E0EB2C428A249B40068BF9B /* Base */ = {isa = PBXFileReference; lastKnownFileType = file.storyboard; name = Base; path = Base.lproj/LaunchScreen.storyboard; sourceTree = "<group>"; };
		1E0EB2C628A249B40068BF9B /* Info.plist */ = {isa = PBXFileReference; lastKnownFileType = text.plist.xml; path = Info.plist; sourceTree = "<group>"; };
		1E0EB2CB28A249B40068BF9B /* Demo_AlertTests.xctest */ = {isa = PBXFileReference; explicitFileType = wrapper.cfbundle; includeInIndex = 0; path = Demo_AlertTests.xctest; sourceTree = BUILT_PRODUCTS_DIR; };
		1E0EB2CF28A249B40068BF9B /* Demo_AlertTests.swift */ = {isa = PBXFileReference; lastKnownFileType = sourcecode.swift; path = Demo_AlertTests.swift; sourceTree = "<group>"; };
		1E0EB2D528A249B40068BF9B /* Demo_AlertUITests.xctest */ = {isa = PBXFileReference; explicitFileType = wrapper.cfbundle; includeInIndex = 0; path = Demo_AlertUITests.xctest; sourceTree = BUILT_PRODUCTS_DIR; };
		1E0EB2D928A249B40068BF9B /* Demo_AlertUITests.swift */ = {isa = PBXFileReference; lastKnownFileType = sourcecode.swift; path = Demo_AlertUITests.swift; sourceTree = "<group>"; };
		1E0EB2DB28A249B40068BF9B /* Demo_AlertUITestsLaunchTests.swift */ = {isa = PBXFileReference; lastKnownFileType = sourcecode.swift; path = Demo_AlertUITestsLaunchTests.swift; sourceTree = "<group>"; };
		1E0EB2E828A24A160068BF9B /* GGXBgView.swift */ = {isa = PBXFileReference; lastKnownFileType = sourcecode.swift; path = GGXBgView.swift; sourceTree = "<group>"; };
		1E0EB2EA28A24A3B0068BF9B /* GGXAlertView.swift */ = {isa = PBXFileReference; lastKnownFileType = sourcecode.swift; path = GGXAlertView.swift; sourceTree = "<group>"; };
		1E0EB2EC28A24A6F0068BF9B /* GGXAlertModel.swift */ = {isa = PBXFileReference; lastKnownFileType = sourcecode.swift; path = GGXAlertModel.swift; sourceTree = "<group>"; };
		26FC877277A9D29EC8775EA3 /* Pods-Demo_Alert-Demo_AlertUITests.debug.xcconfig */ = {isa = PBXFileReference; includeInIndex = 1; lastKnownFileType = text.xcconfig; name = "Pods-Demo_Alert-Demo_AlertUITests.debug.xcconfig"; path = "Target Support Files/Pods-Demo_Alert-Demo_AlertUITests/Pods-Demo_Alert-Demo_AlertUITests.debug.xcconfig"; sourceTree = "<group>"; };
		4DBE3C4AAA148FABE16463CA /* Pods-Demo_Alert-Demo_AlertUITests.release.xcconfig */ = {isa = PBXFileReference; includeInIndex = 1; lastKnownFileType = text.xcconfig; name = "Pods-Demo_Alert-Demo_AlertUITests.release.xcconfig"; path = "Target Support Files/Pods-Demo_Alert-Demo_AlertUITests/Pods-Demo_Alert-Demo_AlertUITests.release.xcconfig"; sourceTree = "<group>"; };
		6EE4AB7EAEDD39053AD53B43 /* Pods_Demo_Alert.framework */ = {isa = PBXFileReference; explicitFileType = wrapper.framework; includeInIndex = 0; path = Pods_Demo_Alert.framework; sourceTree = BUILT_PRODUCTS_DIR; };
		826A89DE8EB6AA6CB1A229F0 /* Pods-Demo_AlertTests.release.xcconfig */ = {isa = PBXFileReference; includeInIndex = 1; lastKnownFileType = text.xcconfig; name = "Pods-Demo_AlertTests.release.xcconfig"; path = "Target Support Files/Pods-Demo_AlertTests/Pods-Demo_AlertTests.release.xcconfig"; sourceTree = "<group>"; };
		84D6C50908938952348FED76 /* Pods_Demo_Alert_Demo_AlertUITests.framework */ = {isa = PBXFileReference; explicitFileType = wrapper.framework; includeInIndex = 0; path = Pods_Demo_Alert_Demo_AlertUITests.framework; sourceTree = BUILT_PRODUCTS_DIR; };
		D81D78734F055BD5A32B001E /* Pods-Demo_Alert.debug.xcconfig */ = {isa = PBXFileReference; includeInIndex = 1; lastKnownFileType = text.xcconfig; name = "Pods-Demo_Alert.debug.xcconfig"; path = "Target Support Files/Pods-Demo_Alert/Pods-Demo_Alert.debug.xcconfig"; sourceTree = "<group>"; };
		E069A12705FB5D83EE804296 /* Pods-Demo_AlertTests.debug.xcconfig */ = {isa = PBXFileReference; includeInIndex = 1; lastKnownFileType = text.xcconfig; name = "Pods-Demo_AlertTests.debug.xcconfig"; path = "Target Support Files/Pods-Demo_AlertTests/Pods-Demo_AlertTests.debug.xcconfig"; sourceTree = "<group>"; };
		FE30D4EA5AD0A0133D6768BA /* Pods-Demo_Alert.release.xcconfig */ = {isa = PBXFileReference; includeInIndex = 1; lastKnownFileType = text.xcconfig; name = "Pods-Demo_Alert.release.xcconfig"; path = "Target Support Files/Pods-Demo_Alert/Pods-Demo_Alert.release.xcconfig"; sourceTree = "<group>"; };
/* End PBXFileReference section */

/* Begin PBXFrameworksBuildPhase section */
		1E0EB2B228A249B10068BF9B /* Frameworks */ = {
			isa = PBXFrameworksBuildPhase;
			buildActionMask = 2147483647;
			files = (
				C48C336CE41E92172B7774DF /* Pods_Demo_Alert.framework in Frameworks */,
			);
			runOnlyForDeploymentPostprocessing = 0;
		};
		1E0EB2C828A249B40068BF9B /* Frameworks */ = {
			isa = PBXFrameworksBuildPhase;
			buildActionMask = 2147483647;
			files = (
				175DD4F65D76EA40909BFAD7 /* Pods_Demo_AlertTests.framework in Frameworks */,
			);
			runOnlyForDeploymentPostprocessing = 0;
		};
		1E0EB2D228A249B40068BF9B /* Frameworks */ = {
			isa = PBXFrameworksBuildPhase;
			buildActionMask = 2147483647;
			files = (
				C3FF96F892C4339314B1B71C /* Pods_Demo_Alert_Demo_AlertUITests.framework in Frameworks */,
			);
			runOnlyForDeploymentPostprocessing = 0;
		};
/* End PBXFrameworksBuildPhase section */

/* Begin PBXGroup section */
		180136A2FF4C5DD45961A040 /* Pods */ = {
			isa = PBXGroup;
			children = (
				D81D78734F055BD5A32B001E /* Pods-Demo_Alert.debug.xcconfig */,
				FE30D4EA5AD0A0133D6768BA /* Pods-Demo_Alert.release.xcconfig */,
				26FC877277A9D29EC8775EA3 /* Pods-Demo_Alert-Demo_AlertUITests.debug.xcconfig */,
				4DBE3C4AAA148FABE16463CA /* Pods-Demo_Alert-Demo_AlertUITests.release.xcconfig */,
				E069A12705FB5D83EE804296 /* Pods-Demo_AlertTests.debug.xcconfig */,
				826A89DE8EB6AA6CB1A229F0 /* Pods-Demo_AlertTests.release.xcconfig */,
			);
			path = Pods;
			sourceTree = "<group>";
		};
		1B0F43A4B1E8C2CF9F678090 /* Frameworks */ = {
			isa = PBXGroup;
			children = (
				6EE4AB7EAEDD39053AD53B43 /* Pods_Demo_Alert.framework */,
				84D6C50908938952348FED76 /* Pods_Demo_Alert_Demo_AlertUITests.framework */,
				061C814DF8B077E395C6E737 /* Pods_Demo_AlertTests.framework */,
			);
			name = Frameworks;
			sourceTree = "<group>";
		};
		1E0EB2AC28A249B10068BF9B = {
			isa = PBXGroup;
			children = (
				1E0EB2B728A249B10068BF9B /* Demo_Alert */,
				1E0EB2CE28A249B40068BF9B /* Demo_AlertTests */,
				1E0EB2D828A249B40068BF9B /* Demo_AlertUITests */,
				1E0EB2B628A249B10068BF9B /* Products */,
				180136A2FF4C5DD45961A040 /* Pods */,
				1B0F43A4B1E8C2CF9F678090 /* Frameworks */,
			);
			sourceTree = "<group>";
		};
		1E0EB2B628A249B10068BF9B /* Products */ = {
			isa = PBXGroup;
			children = (
				1E0EB2B528A249B10068BF9B /* Demo_Alert.app */,
				1E0EB2CB28A249B40068BF9B /* Demo_AlertTests.xctest */,
				1E0EB2D528A249B40068BF9B /* Demo_AlertUITests.xctest */,
			);
			name = Products;
			sourceTree = "<group>";
		};
		1E0EB2B728A249B10068BF9B /* Demo_Alert */ = {
			isa = PBXGroup;
			children = (
				1E0EB2B828A249B10068BF9B /* AppDelegate.swift */,
				1E0EB2BA28A249B10068BF9B /* SceneDelegate.swift */,
				1E0EB2BC28A249B10068BF9B /* ViewController.swift */,
				1E0EB2E828A24A160068BF9B /* GGXBgView.swift */,
				1E0EB2EA28A24A3B0068BF9B /* GGXAlertView.swift */,
				1E0EB2EC28A24A6F0068BF9B /* GGXAlertModel.swift */,
				1E0EB2BE28A249B10068BF9B /* Main.storyboard */,
				1E0EB2C128A249B40068BF9B /* Assets.xcassets */,
				1E0EB2C328A249B40068BF9B /* LaunchScreen.storyboard */,
				1E0EB2C628A249B40068BF9B /* Info.plist */,
			);
			path = Demo_Alert;
			sourceTree = "<group>";
		};
		1E0EB2CE28A249B40068BF9B /* Demo_AlertTests */ = {
			isa = PBXGroup;
			children = (
				1E0EB2CF28A249B40068BF9B /* Demo_AlertTests.swift */,
			);
			path = Demo_AlertTests;
			sourceTree = "<group>";
		};
		1E0EB2D828A249B40068BF9B /* Demo_AlertUITests */ = {
			isa = PBXGroup;
			children = (
				1E0EB2D928A249B40068BF9B /* Demo_AlertUITests.swift */,
				1E0EB2DB28A249B40068BF9B /* Demo_AlertUITestsLaunchTests.swift */,
			);
			path = Demo_AlertUITests;
			sourceTree = "<group>";
		};
/* End PBXGroup section */

/* Begin PBXNativeTarget section */
		1E0EB2B428A249B10068BF9B /* Demo_Alert */ = {
			isa = PBXNativeTarget;
			buildConfigurationList = 1E0EB2DF28A249B40068BF9B /* Build configuration list for PBXNativeTarget "Demo_Alert" */;
			buildPhases = (
				28CB1F24931DDF8375F9B297 /* [CP] Check Pods Manifest.lock */,
				1E0EB2B128A249B10068BF9B /* Sources */,
				1E0EB2B228A249B10068BF9B /* Frameworks */,
				1E0EB2B328A249B10068BF9B /* Resources */,
				BC869C1328512FB2444FDF33 /* [CP] Embed Pods Frameworks */,
			);
			buildRules = (
			);
			dependencies = (
			);
			name = Demo_Alert;
			productName = Demo_Alert;
			productReference = 1E0EB2B528A249B10068BF9B /* Demo_Alert.app */;
			productType = "com.apple.product-type.application";
		};
		1E0EB2CA28A249B40068BF9B /* Demo_AlertTests */ = {
			isa = PBXNativeTarget;
			buildConfigurationList = 1E0EB2E228A249B40068BF9B /* Build configuration list for PBXNativeTarget "Demo_AlertTests" */;
			buildPhases = (
				67A9CFF34C522792290885E6 /* [CP] Check Pods Manifest.lock */,
				1E0EB2C728A249B40068BF9B /* Sources */,
				1E0EB2C828A249B40068BF9B /* Frameworks */,
				1E0EB2C928A249B40068BF9B /* Resources */,
			);
			buildRules = (
			);
			dependencies = (
				1E0EB2CD28A249B40068BF9B /* PBXTargetDependency */,
			);
			name = Demo_AlertTests;
			productName = Demo_AlertTests;
			productReference = 1E0EB2CB28A249B40068BF9B /* Demo_AlertTests.xctest */;
			productType = "com.apple.product-type.bundle.unit-test";
		};
		1E0EB2D428A249B40068BF9B /* Demo_AlertUITests */ = {
			isa = PBXNativeTarget;
			buildConfigurationList = 1E0EB2E528A249B40068BF9B /* Build configuration list for PBXNativeTarget "Demo_AlertUITests" */;
			buildPhases = (
				82A938F8488D105582CA97F3 /* [CP] Check Pods Manifest.lock */,
				1E0EB2D128A249B40068BF9B /* Sources */,
				1E0EB2D228A249B40068BF9B /* Frameworks */,
				1E0EB2D328A249B40068BF9B /* Resources */,
				78F5F9DB8D5523C5C565E258 /* [CP] Embed Pods Frameworks */,
			);
			buildRules = (
			);
			dependencies = (
				1E0EB2D728A249B40068BF9B /* PBXTargetDependency */,
			);
			name = Demo_AlertUITests;
			productName = Demo_AlertUITests;
			productReference = 1E0EB2D528A249B40068BF9B /* Demo_AlertUITests.xctest */;
			productType = "com.apple.product-type.bundle.ui-testing";
		};
/* End PBXNativeTarget section */

/* Begin PBXProject section */
		1E0EB2AD28A249B10068BF9B /* Project object */ = {
			isa = PBXProject;
			attributes = {
				BuildIndependentTargetsInParallel = 1;
				LastSwiftUpdateCheck = 1340;
				LastUpgradeCheck = 1340;
				TargetAttributes = {
					1E0EB2B428A249B10068BF9B = {
						CreatedOnToolsVersion = 13.4.1;
					};
					1E0EB2CA28A249B40068BF9B = {
						CreatedOnToolsVersion = 13.4.1;
						TestTargetID = 1E0EB2B428A249B10068BF9B;
					};
					1E0EB2D428A249B40068BF9B = {
						CreatedOnToolsVersion = 13.4.1;
						TestTargetID = 1E0EB2B428A249B10068BF9B;
					};
				};
			};
			buildConfigurationList = 1E0EB2B028A249B10068BF9B /* Build configuration list for PBXProject "Demo_Alert" */;
			compatibilityVersion = "Xcode 13.0";
			developmentRegion = en;
			hasScannedForEncodings = 0;
			knownRegions = (
				en,
				Base,
			);
			mainGroup = 1E0EB2AC28A249B10068BF9B;
			productRefGroup = 1E0EB2B628A249B10068BF9B /* Products */;
			projectDirPath = "";
			projectRoot = "";
			targets = (
				1E0EB2B428A249B10068BF9B /* Demo_Alert */,
				1E0EB2CA28A249B40068BF9B /* Demo_AlertTests */,
				1E0EB2D428A249B40068BF9B /* Demo_AlertUITests */,
			);
		};
/* End PBXProject section */

/* Begin PBXResourcesBuildPhase section */
		1E0EB2B328A249B10068BF9B /* Resources */ = {
			isa = PBXResourcesBuildPhase;
			buildActionMask = 2147483647;
			files = (
				1E0EB2C528A249B40068BF9B /* LaunchScreen.storyboard in Resources */,
				1E0EB2C228A249B40068BF9B /* Assets.xcassets in Resources */,
				1E0EB2C028A249B10068BF9B /* Main.storyboard in Resources */,
			);
			runOnlyForDeploymentPostprocessing = 0;
		};
		1E0EB2C928A249B40068BF9B /* Resources */ = {
			isa = PBXResourcesBuildPhase;
			buildActionMask = 2147483647;
			files = (
			);
			runOnlyForDeploymentPostprocessing = 0;
		};
		1E0EB2D328A249B40068BF9B /* Resources */ = {
			isa = PBXResourcesBuildPhase;
			buildActionMask = 2147483647;
			files = (
			);
			runOnlyForDeploymentPostprocessing = 0;
		};
/* End PBXResourcesBuildPhase section */

/* Begin PBXShellScriptBuildPhase section */
		28CB1F24931DDF8375F9B297 /* [CP] Check Pods Manifest.lock */ = {
			isa = PBXShellScriptBuildPhase;
			buildActionMask = 2147483647;
			files = (
			);
			inputFileListPaths = (
			);
			inputPaths = (
				"${PODS_PODFILE_DIR_PATH}/Podfile.lock",
				"${PODS_ROOT}/Manifest.lock",
			);
			name = "[CP] Check Pods Manifest.lock";
			outputFileListPaths = (
			);
			outputPaths = (
				"$(DERIVED_FILE_DIR)/Pods-Demo_Alert-checkManifestLockResult.txt",
			);
			runOnlyForDeploymentPostprocessing = 0;
			shellPath = /bin/sh;
			shellScript = "diff \"${PODS_PODFILE_DIR_PATH}/Podfile.lock\" \"${PODS_ROOT}/Manifest.lock\" > /dev/null\nif [ $? != 0 ] ; then\n    # print error to STDERR\n    echo \"error: The sandbox is not in sync with the Podfile.lock. Run 'pod install' or update your CocoaPods installation.\" >&2\n    exit 1\nfi\n# This output is used by Xcode 'outputs' to avoid re-running this script phase.\necho \"SUCCESS\" > \"${SCRIPT_OUTPUT_FILE_0}\"\n";
			showEnvVarsInLog = 0;
		};
		67A9CFF34C522792290885E6 /* [CP] Check Pods Manifest.lock */ = {
			isa = PBXShellScriptBuildPhase;
			buildActionMask = 2147483647;
			files = (
			);
			inputFileListPaths = (
			);
			inputPaths = (
				"${PODS_PODFILE_DIR_PATH}/Podfile.lock",
				"${PODS_ROOT}/Manifest.lock",
			);
			name = "[CP] Check Pods Manifest.lock";
			outputFileListPaths = (
			);
			outputPaths = (
				"$(DERIVED_FILE_DIR)/Pods-Demo_AlertTests-checkManifestLockResult.txt",
			);
			runOnlyForDeploymentPostprocessing = 0;
			shellPath = /bin/sh;
			shellScript = "diff \"${PODS_PODFILE_DIR_PATH}/Podfile.lock\" \"${PODS_ROOT}/Manifest.lock\" > /dev/null\nif [ $? != 0 ] ; then\n    # print error to STDERR\n    echo \"error: The sandbox is not in sync with the Podfile.lock. Run 'pod install' or update your CocoaPods installation.\" >&2\n    exit 1\nfi\n# This output is used by Xcode 'outputs' to avoid re-running this script phase.\necho \"SUCCESS\" > \"${SCRIPT_OUTPUT_FILE_0}\"\n";
			showEnvVarsInLog = 0;
		};
		78F5F9DB8D5523C5C565E258 /* [CP] Embed Pods Frameworks */ = {
			isa = PBXShellScriptBuildPhase;
			buildActionMask = 2147483647;
			files = (
			);
			inputFileListPaths = (
				"${PODS_ROOT}/Target Support Files/Pods-Demo_Alert-Demo_AlertUITests/Pods-Demo_Alert-Demo_AlertUITests-frameworks-${CONFIGURATION}-input-files.xcfilelist",
			);
			name = "[CP] Embed Pods Frameworks";
			outputFileListPaths = (
				"${PODS_ROOT}/Target Support Files/Pods-Demo_Alert-Demo_AlertUITests/Pods-Demo_Alert-Demo_AlertUITests-frameworks-${CONFIGURATION}-output-files.xcfilelist",
			);
			runOnlyForDeploymentPostprocessing = 0;
			shellPath = /bin/sh;
			shellScript = "\"${PODS_ROOT}/Target Support Files/Pods-Demo_Alert-Demo_AlertUITests/Pods-Demo_Alert-Demo_AlertUITests-frameworks.sh\"\n";
			showEnvVarsInLog = 0;
		};
		82A938F8488D105582CA97F3 /* [CP] Check Pods Manifest.lock */ = {
			isa = PBXShellScriptBuildPhase;
			buildActionMask = 2147483647;
			files = (
			);
			inputFileListPaths = (
			);
			inputPaths = (
				"${PODS_PODFILE_DIR_PATH}/Podfile.lock",
				"${PODS_ROOT}/Manifest.lock",
			);
			name = "[CP] Check Pods Manifest.lock";
			outputFileListPaths = (
			);
			outputPaths = (
				"$(DERIVED_FILE_DIR)/Pods-Demo_Alert-Demo_AlertUITests-checkManifestLockResult.txt",
			);
			runOnlyForDeploymentPostprocessing = 0;
			shellPath = /bin/sh;
			shellScript = "diff \"${PODS_PODFILE_DIR_PATH}/Podfile.lock\" \"${PODS_ROOT}/Manifest.lock\" > /dev/null\nif [ $? != 0 ] ; then\n    # print error to STDERR\n    echo \"error: The sandbox is not in sync with the Podfile.lock. Run 'pod install' or update your CocoaPods installation.\" >&2\n    exit 1\nfi\n# This output is used by Xcode 'outputs' to avoid re-running this script phase.\necho \"SUCCESS\" > \"${SCRIPT_OUTPUT_FILE_0}\"\n";
			showEnvVarsInLog = 0;
		};
		BC869C1328512FB2444FDF33 /* [CP] Embed Pods Frameworks */ = {
			isa = PBXShellScriptBuildPhase;
			buildActionMask = 2147483647;
			files = (
			);
			inputFileListPaths = (
				"${PODS_ROOT}/Target Support Files/Pods-Demo_Alert/Pods-Demo_Alert-frameworks-${CONFIGURATION}-input-files.xcfilelist",
			);
			name = "[CP] Embed Pods Frameworks";
			outputFileListPaths = (
				"${PODS_ROOT}/Target Support Files/Pods-Demo_Alert/Pods-Demo_Alert-frameworks-${CONFIGURATION}-output-files.xcfilelist",
			);
			runOnlyForDeploymentPostprocessing = 0;
			shellPath = /bin/sh;
			shellScript = "\"${PODS_ROOT}/Target Support Files/Pods-Demo_Alert/Pods-Demo_Alert-frameworks.sh\"\n";
			showEnvVarsInLog = 0;
		};
/* End PBXShellScriptBuildPhase section */

/* Begin PBXSourcesBuildPhase section */
		1E0EB2B128A249B10068BF9B /* Sources */ = {
			isa = PBXSourcesBuildPhase;
			buildActionMask = 2147483647;
			files = (
				1E0EB2EB28A24A3B0068BF9B /* GGXAlertView.swift in Sources */,
				1E0EB2E928A24A160068BF9B /* GGXBgView.swift in Sources */,
				1E0EB2BD28A249B10068BF9B /* ViewController.swift in Sources */,
				1E0EB2ED28A24A6F0068BF9B /* GGXAlertModel.swift in Sources */,
				1E0EB2B928A249B10068BF9B /* AppDelegate.swift in Sources */,
				1E0EB2BB28A249B10068BF9B /* SceneDelegate.swift in Sources */,
			);
			runOnlyForDeploymentPostprocessing = 0;
		};
		1E0EB2C728A249B40068BF9B /* Sources */ = {
			isa = PBXSourcesBuildPhase;
			buildActionMask = 2147483647;
			files = (
				1E0EB2D028A249B40068BF9B /* Demo_AlertTests.swift in Sources */,
			);
			runOnlyForDeploymentPostprocessing = 0;
		};
		1E0EB2D128A249B40068BF9B /* Sources */ = {
			isa = PBXSourcesBuildPhase;
			buildActionMask = 2147483647;
			files = (
				1E0EB2DC28A249B40068BF9B /* Demo_AlertUITestsLaunchTests.swift in Sources */,
				1E0EB2DA28A249B40068BF9B /* Demo_AlertUITests.swift in Sources */,
			);
			runOnlyForDeploymentPostprocessing = 0;
		};
/* End PBXSourcesBuildPhase section */

/* Begin PBXTargetDependency section */
		1E0EB2CD28A249B40068BF9B /* PBXTargetDependency */ = {
			isa = PBXTargetDependency;
			target = 1E0EB2B428A249B10068BF9B /* Demo_Alert */;
			targetProxy = 1E0EB2CC28A249B40068BF9B /* PBXContainerItemProxy */;
		};
		1E0EB2D728A249B40068BF9B /* PBXTargetDependency */ = {
			isa = PBXTargetDependency;
			target = 1E0EB2B428A249B10068BF9B /* Demo_Alert */;
			targetProxy = 1E0EB2D628A249B40068BF9B /* PBXContainerItemProxy */;
		};
/* End PBXTargetDependency section */

/* Begin PBXVariantGroup section */
		1E0EB2BE28A249B10068BF9B /* Main.storyboard */ = {
			isa = PBXVariantGroup;
			children = (
				1E0EB2BF28A249B10068BF9B /* Base */,
			);
			name = Main.storyboard;
			sourceTree = "<group>";
		};
		1E0EB2C328A249B40068BF9B /* LaunchScreen.storyboard */ = {
			isa = PBXVariantGroup;
			children = (
				1E0EB2C428A249B40068BF9B /* Base */,
			);
			name = LaunchScreen.storyboard;
			sourceTree = "<group>";
		};
/* End PBXVariantGroup section */

/* Begin XCBuildConfiguration section */
		1E0EB2DD28A249B40068BF9B /* Debug */ = {
			isa = XCBuildConfiguration;
			buildSettings = {
				ALWAYS_SEARCH_USER_PATHS = NO;
				CLANG_ANALYZER_NONNULL = YES;
				CLANG_ANALYZER_NUMBER_OBJECT_CONVERSION = YES_AGGRESSIVE;
				CLANG_CXX_LANGUAGE_STANDARD = "gnu++17";
				CLANG_ENABLE_MODULES = YES;
				CLANG_ENABLE_OBJC_ARC = YES;
				CLANG_ENABLE_OBJC_WEAK = YES;
				CLANG_WARN_BLOCK_CAPTURE_AUTORELEASING = YES;
				CLANG_WARN_BOOL_CONVERSION = YES;
				CLANG_WARN_COMMA = YES;
				CLANG_WARN_CONSTANT_CONVERSION = YES;
				CLANG_WARN_DEPRECATED_OBJC_IMPLEMENTATIONS = YES;
				CLANG_WARN_DIRECT_OBJC_ISA_USAGE = YES_ERROR;
				CLANG_WARN_DOCUMENTATION_COMMENTS = YES;
				CLANG_WARN_EMPTY_BODY = YES;
				CLANG_WARN_ENUM_CONVERSION = YES;
				CLANG_WARN_INFINITE_RECURSION = YES;
				CLANG_WARN_INT_CONVERSION = YES;
				CLANG_WARN_NON_LITERAL_NULL_CONVERSION = YES;
				CLANG_WARN_OBJC_IMPLICIT_RETAIN_SELF = YES;
				CLANG_WARN_OBJC_LITERAL_CONVERSION = YES;
				CLANG_WARN_OBJC_ROOT_CLASS = YES_ERROR;
				CLANG_WARN_QUOTED_INCLUDE_IN_FRAMEWORK_HEADER = YES;
				CLANG_WARN_RANGE_LOOP_ANALYSIS = YES;
				CLANG_WARN_STRICT_PROTOTYPES = YES;
				CLANG_WARN_SUSPICIOUS_MOVE = YES;
				CLANG_WARN_UNGUARDED_AVAILABILITY = YES_AGGRESSIVE;
				CLANG_WARN_UNREACHABLE_CODE = YES;
				CLANG_WARN__DUPLICATE_METHOD_MATCH = YES;
				COPY_PHASE_STRIP = NO;
				DEBUG_INFORMATION_FORMAT = dwarf;
				ENABLE_STRICT_OBJC_MSGSEND = YES;
				ENABLE_TESTABILITY = YES;
				GCC_C_LANGUAGE_STANDARD = gnu11;
				GCC_DYNAMIC_NO_PIC = NO;
				GCC_NO_COMMON_BLOCKS = YES;
				GCC_OPTIMIZATION_LEVEL = 0;
				GCC_PREPROCESSOR_DEFINITIONS = (
					"DEBUG=1",
					"$(inherited)",
				);
				GCC_WARN_64_TO_32_BIT_CONVERSION = YES;
				GCC_WARN_ABOUT_RETURN_TYPE = YES_ERROR;
				GCC_WARN_UNDECLARED_SELECTOR = YES;
				GCC_WARN_UNINITIALIZED_AUTOS = YES_AGGRESSIVE;
				GCC_WARN_UNUSED_FUNCTION = YES;
				GCC_WARN_UNUSED_VARIABLE = YES;
				IPHONEOS_DEPLOYMENT_TARGET = 15.5;
				MTL_ENABLE_DEBUG_INFO = INCLUDE_SOURCE;
				MTL_FAST_MATH = YES;
				ONLY_ACTIVE_ARCH = YES;
				SDKROOT = iphoneos;
				SWIFT_ACTIVE_COMPILATION_CONDITIONS = DEBUG;
				SWIFT_OPTIMIZATION_LEVEL = "-Onone";
			};
			name = Debug;
		};
		1E0EB2DE28A249B40068BF9B /* Release */ = {
			isa = XCBuildConfiguration;
			buildSettings = {
				ALWAYS_SEARCH_USER_PATHS = NO;
				CLANG_ANALYZER_NONNULL = YES;
				CLANG_ANALYZER_NUMBER_OBJECT_CONVERSION = YES_AGGRESSIVE;
				CLANG_CXX_LANGUAGE_STANDARD = "gnu++17";
				CLANG_ENABLE_MODULES = YES;
				CLANG_ENABLE_OBJC_ARC = YES;
				CLANG_ENABLE_OBJC_WEAK = YES;
				CLANG_WARN_BLOCK_CAPTURE_AUTORELEASING = YES;
				CLANG_WARN_BOOL_CONVERSION = YES;
				CLANG_WARN_COMMA = YES;
				CLANG_WARN_CONSTANT_CONVERSION = YES;
				CLANG_WARN_DEPRECATED_OBJC_IMPLEMENTATIONS = YES;
				CLANG_WARN_DIRECT_OBJC_ISA_USAGE = YES_ERROR;
				CLANG_WARN_DOCUMENTATION_COMMENTS = YES;
				CLANG_WARN_EMPTY_BODY = YES;
				CLANG_WARN_ENUM_CONVERSION = YES;
				CLANG_WARN_INFINITE_RECURSION = YES;
				CLANG_WARN_INT_CONVERSION = YES;
				CLANG_WARN_NON_LITERAL_NULL_CONVERSION = YES;
				CLANG_WARN_OBJC_IMPLICIT_RETAIN_SELF = YES;
				CLANG_WARN_OBJC_LITERAL_CONVERSION = YES;
				CLANG_WARN_OBJC_ROOT_CLASS = YES_ERROR;
				CLANG_WARN_QUOTED_INCLUDE_IN_FRAMEWORK_HEADER = YES;
				CLANG_WARN_RANGE_LOOP_ANALYSIS = YES;
				CLANG_WARN_STRICT_PROTOTYPES = YES;
				CLANG_WARN_SUSPICIOUS_MOVE = YES;
				CLANG_WARN_UNGUARDED_AVAILABILITY = YES_AGGRESSIVE;
				CLANG_WARN_UNREACHABLE_CODE = YES;
				CLANG_WARN__DUPLICATE_METHOD_MATCH = YES;
				COPY_PHASE_STRIP = NO;
				DEBUG_INFORMATION_FORMAT = "dwarf-with-dsym";
				ENABLE_NS_ASSERTIONS = NO;
				ENABLE_STRICT_OBJC_MSGSEND = YES;
				GCC_C_LANGUAGE_STANDARD = gnu11;
				GCC_NO_COMMON_BLOCKS = YES;
				GCC_WARN_64_TO_32_BIT_CONVERSION = YES;
				GCC_WARN_ABOUT_RETURN_TYPE = YES_ERROR;
				GCC_WARN_UNDECLARED_SELECTOR = YES;
				GCC_WARN_UNINITIALIZED_AUTOS = YES_AGGRESSIVE;
				GCC_WARN_UNUSED_FUNCTION = YES;
				GCC_WARN_UNUSED_VARIABLE = YES;
				IPHONEOS_DEPLOYMENT_TARGET = 15.5;
				MTL_ENABLE_DEBUG_INFO = NO;
				MTL_FAST_MATH = YES;
				SDKROOT = iphoneos;
				SWIFT_COMPILATION_MODE = wholemodule;
				SWIFT_OPTIMIZATION_LEVEL = "-O";
				VALIDATE_PRODUCT = YES;
			};
			name = Release;
		};
		1E0EB2E028A249B40068BF9B /* Debug */ = {
			isa = XCBuildConfiguration;
			baseConfigurationReference = D81D78734F055BD5A32B001E /* Pods-Demo_Alert.debug.xcconfig */;
			buildSettings = {
				ASSETCATALOG_COMPILER_APPICON_NAME = AppIcon;
				ASSETCATALOG_COMPILER_GLOBAL_ACCENT_COLOR_NAME = AccentColor;
				CODE_SIGN_STYLE = Automatic;
				CURRENT_PROJECT_VERSION = 1;
				DEVELOPMENT_TEAM = ZURSBPY7B4;
				GENERATE_INFOPLIST_FILE = YES;
				INFOPLIST_FILE = Demo_Alert/Info.plist;
				INFOPLIST_KEY_UIApplicationSupportsIndirectInputEvents = YES;
				INFOPLIST_KEY_UILaunchStoryboardName = LaunchScreen;
				INFOPLIST_KEY_UIMainStoryboardFile = Main;
				INFOPLIST_KEY_UISupportedInterfaceOrientations = UIInterfaceOrientationPortrait;
				INFOPLIST_KEY_UISupportedInterfaceOrientations_iPad = "UIInterfaceOrientationPortrait UIInterfaceOrientationPortraitUpsideDown UIInterfaceOrientationLandscapeLeft UIInterfaceOrientationLandscapeRight";
				INFOPLIST_KEY_UISupportedInterfaceOrientations_iPhone = "UIInterfaceOrientationPortrait UIInterfaceOrientationLandscapeLeft UIInterfaceOrientationLandscapeRight";
				LD_RUNPATH_SEARCH_PATHS = (
					"$(inherited)",
					"@executable_path/Frameworks",
				);
				MARKETING_VERSION = 1.0;
				PRODUCT_BUNDLE_IDENTIFIER = "com.letu.app.Demo-Alert";
				PRODUCT_NAME = "$(TARGET_NAME)";
				SWIFT_EMIT_LOC_STRINGS = YES;
				SWIFT_VERSION = 5.0;
				TARGETED_DEVICE_FAMILY = "1,2";
			};
			name = Debug;
		};
		1E0EB2E128A249B40068BF9B /* Release */ = {
			isa = XCBuildConfiguration;
			baseConfigurationReference = FE30D4EA5AD0A0133D6768BA /* Pods-Demo_Alert.release.xcconfig */;
			buildSettings = {
				ASSETCATALOG_COMPILER_APPICON_NAME = AppIcon;
				ASSETCATALOG_COMPILER_GLOBAL_ACCENT_COLOR_NAME = AccentColor;
				CODE_SIGN_STYLE = Automatic;
				CURRENT_PROJECT_VERSION = 1;
				DEVELOPMENT_TEAM = ZURSBPY7B4;
				GENERATE_INFOPLIST_FILE = YES;
				INFOPLIST_FILE = Demo_Alert/Info.plist;
				INFOPLIST_KEY_UIApplicationSupportsIndirectInputEvents = YES;
				INFOPLIST_KEY_UILaunchStoryboardName = LaunchScreen;
				INFOPLIST_KEY_UIMainStoryboardFile = Main;
				INFOPLIST_KEY_UISupportedInterfaceOrientations = UIInterfaceOrientationPortrait;
				INFOPLIST_KEY_UISupportedInterfaceOrientations_iPad = "UIInterfaceOrientationPortrait UIInterfaceOrientationPortraitUpsideDown UIInterfaceOrientationLandscapeLeft UIInterfaceOrientationLandscapeRight";
				INFOPLIST_KEY_UISupportedInterfaceOrientations_iPhone = "UIInterfaceOrientationPortrait UIInterfaceOrientationLandscapeLeft UIInterfaceOrientationLandscapeRight";
				LD_RUNPATH_SEARCH_PATHS = (
					"$(inherited)",
					"@executable_path/Frameworks",
				);
				MARKETING_VERSION = 1.0;
				PRODUCT_BUNDLE_IDENTIFIER = "com.letu.app.Demo-Alert";
				PRODUCT_NAME = "$(TARGET_NAME)";
				SWIFT_EMIT_LOC_STRINGS = YES;
				SWIFT_VERSION = 5.0;
				TARGETED_DEVICE_FAMILY = "1,2";
			};
			name = Release;
		};
		1E0EB2E328A249B40068BF9B /* Debug */ = {
			isa = XCBuildConfiguration;
			baseConfigurationReference = E069A12705FB5D83EE804296 /* Pods-Demo_AlertTests.debug.xcconfig */;
			buildSettings = {
				ALWAYS_EMBED_SWIFT_STANDARD_LIBRARIES = YES;
				BUNDLE_LOADER = "$(TEST_HOST)";
				CODE_SIGN_STYLE = Automatic;
				CURRENT_PROJECT_VERSION = 1;
				DEVELOPMENT_TEAM = ZURSBPY7B4;
				GENERATE_INFOPLIST_FILE = YES;
				IPHONEOS_DEPLOYMENT_TARGET = 15.5;
				MARKETING_VERSION = 1.0;
				PRODUCT_BUNDLE_IDENTIFIER = "com.letu.app.Demo-AlertTests";
				PRODUCT_NAME = "$(TARGET_NAME)";
				SWIFT_EMIT_LOC_STRINGS = NO;
				SWIFT_VERSION = 5.0;
				TARGETED_DEVICE_FAMILY = "1,2";
				TEST_HOST = "$(BUILT_PRODUCTS_DIR)/Demo_Alert.app/Demo_Alert";
			};
			name = Debug;
		};
		1E0EB2E428A249B40068BF9B /* Release */ = {
			isa = XCBuildConfiguration;
			baseConfigurationReference = 826A89DE8EB6AA6CB1A229F0 /* Pods-Demo_AlertTests.release.xcconfig */;
			buildSettings = {
				ALWAYS_EMBED_SWIFT_STANDARD_LIBRARIES = YES;
				BUNDLE_LOADER = "$(TEST_HOST)";
				CODE_SIGN_STYLE = Automatic;
				CURRENT_PROJECT_VERSION = 1;
				DEVELOPMENT_TEAM = ZURSBPY7B4;
				GENERATE_INFOPLIST_FILE = YES;
				IPHONEOS_DEPLOYMENT_TARGET = 15.5;
				MARKETING_VERSION = 1.0;
				PRODUCT_BUNDLE_IDENTIFIER = "com.letu.app.Demo-AlertTests";
				PRODUCT_NAME = "$(TARGET_NAME)";
				SWIFT_EMIT_LOC_STRINGS = NO;
				SWIFT_VERSION = 5.0;
				TARGETED_DEVICE_FAMILY = "1,2";
				TEST_HOST = "$(BUILT_PRODUCTS_DIR)/Demo_Alert.app/Demo_Alert";
			};
			name = Release;
		};
		1E0EB2E628A249B40068BF9B /* Debug */ = {
			isa = XCBuildConfiguration;
			baseConfigurationReference = 26FC877277A9D29EC8775EA3 /* Pods-Demo_Alert-Demo_AlertUITests.debug.xcconfig */;
			buildSettings = {
				ALWAYS_EMBED_SWIFT_STANDARD_LIBRARIES = YES;
				CODE_SIGN_STYLE = Automatic;
				CURRENT_PROJECT_VERSION = 1;
				DEVELOPMENT_TEAM = ZURSBPY7B4;
				GENERATE_INFOPLIST_FILE = YES;
				MARKETING_VERSION = 1.0;
				PRODUCT_BUNDLE_IDENTIFIER = "com.letu.app.Demo-AlertUITests";
				PRODUCT_NAME = "$(TARGET_NAME)";
				SWIFT_EMIT_LOC_STRINGS = NO;
				SWIFT_VERSION = 5.0;
				TARGETED_DEVICE_FAMILY = "1,2";
				TEST_TARGET_NAME = Demo_Alert;
			};
			name = Debug;
		};
		1E0EB2E728A249B40068BF9B /* Release */ = {
			isa = XCBuildConfiguration;
			baseConfigurationReference = 4DBE3C4AAA148FABE16463CA /* Pods-Demo_Alert-Demo_AlertUITests.release.xcconfig */;
			buildSettings = {
				ALWAYS_EMBED_SWIFT_STANDARD_LIBRARIES = YES;
				CODE_SIGN_STYLE = Automatic;
				CURRENT_PROJECT_VERSION = 1;
				DEVELOPMENT_TEAM = ZURSBPY7B4;
				GENERATE_INFOPLIST_FILE = YES;
				MARKETING_VERSION = 1.0;
				PRODUCT_BUNDLE_IDENTIFIER = "com.letu.app.Demo-AlertUITests";
				PRODUCT_NAME = "$(TARGET_NAME)";
				SWIFT_EMIT_LOC_STRINGS = NO;
				SWIFT_VERSION = 5.0;
				TARGETED_DEVICE_FAMILY = "1,2";
				TEST_TARGET_NAME = Demo_Alert;
			};
			name = Release;
		};
/* End XCBuildConfiguration section */

/* Begin XCConfigurationList section */
		1E0EB2B028A249B10068BF9B /* Build configuration list for PBXProject "Demo_Alert" */ = {
			isa = XCConfigurationList;
			buildConfigurations = (
				1E0EB2DD28A249B40068BF9B /* Debug */,
				1E0EB2DE28A249B40068BF9B /* Release */,
			);
			defaultConfigurationIsVisible = 0;
			defaultConfigurationName = Release;
		};
		1E0EB2DF28A249B40068BF9B /* Build configuration list for PBXNativeTarget "Demo_Alert" */ = {
			isa = XCConfigurationList;
			buildConfigurations = (
				1E0EB2E028A249B40068BF9B /* Debug */,
				1E0EB2E128A249B40068BF9B /* Release */,
			);
			defaultConfigurationIsVisible = 0;
			defaultConfigurationName = Release;
		};
		1E0EB2E228A249B40068BF9B /* Build configuration list for PBXNativeTarget "Demo_AlertTests" */ = {
			isa = XCConfigurationList;
			buildConfigurations = (
				1E0EB2E328A249B40068BF9B /* Debug */,
				1E0EB2E428A249B40068BF9B /* Release */,
			);
			defaultConfigurationIsVisible = 0;
			defaultConfigurationName = Release;
		};
		1E0EB2E528A249B40068BF9B /* Build configuration list for PBXNativeTarget "Demo_AlertUITests" */ = {
			isa = XCConfigurationList;
			buildConfigurations = (
				1E0EB2E628A249B40068BF9B /* Debug */,
				1E0EB2E728A249B40068BF9B /* Release */,
			);
			defaultConfigurationIsVisible = 0;
			defaultConfigurationName = Release;
		};
/* End XCConfigurationList section */
	};
	rootObject = 1E0EB2AD28A249B10068BF9B /* Project object */;
}
